
Microsoft Visual Studio Solution File, Format Version 12.00
# Visual Studio 15
VisualStudioVersion = 15.0.28307.645
MinimumVisualStudioVersion = 10.0.40219.1
Project("{FAE04EC0-301F-11D3-BF4B-00C04F79EFBC}") = "Tanks", "Tanks.csproj", "{854113DE-0574-41A4-8EEF-9EAB89FC2473}"
EndProject
Global
	GlobalSection(SolutionConfigurationPlatforms) = preSolution
		Debug|Any CPU = Debug|Any CPU
		Release|Any CPU = Release|Any CPU
	EndGlobalSection
	GlobalSection(ProjectConfigurationPlatforms) = postSolution
		{854113DE-0574-41A4-8EEF-9EAB89FC2473}.Debug|Any CPU.ActiveCfg = Debug|Any CPU
		{854113DE-0574-41A4-8EEF-9EAB89FC2473}.Debug|Any CPU.Build.0 = Debug|Any CPU
		{854113DE-0574-41A4-8EEF-9EAB89FC2473}.Release|Any CPU.ActiveCfg = Release|Any CPU
		{854113DE-0574-41A4-8EEF-9EAB89FC2473}.Release|Any CPU.Build.0 = Release|Any CPU
	EndGlobalSection
	GlobalSection(SolutionProperties) = preSolution
		HideSolutionNode = FALSE
	EndGlobalSection
	GlobalSection(ExtensibilityGlobals) = postSolution
		SolutionGuid = {8289E9DE-3E7B-4EBB-A84B-365934C628EF}
	EndGlobalSection
EndGlobal
